
Microsoft Visual Studio Solution File, Format Version 12.00
# Visual Studio Version 17
VisualStudioVersion = 17.0.31903.59
MinimumVisualStudioVersion = 10.0.40219.1
Project("{FAE04EC0-301F-11D3-BF4B-00C04F79EFBC}") = "Domain", "Domain\Domain.csproj", "{A70ADDE5-A271-48A1-821F-ED6C7AD842DF}"
EndProject
Project("{FAE04EC0-301F-11D3-BF4B-00C04F79EFBC}") = "Application", "Application\Application.csproj", "{1E2B239C-B0AD-4336-8728-AD439769A509}"
EndProject
Project("{FAE04EC0-301F-11D3-BF4B-00C04F79EFBC}") = "Persistence", "Persistence\Persistence.csproj", "{ED00147D-88E3-4CF7-A614-C9BEEA7AA7C4}"
EndProject
Project("{FAE04EC0-301F-11D3-BF4B-00C04F79EFBC}") = "API", "API\API.csproj", "{D463AF3F-B4D6-403C-A2AD-E5A150A013E3}"
EndProject
Global
	GlobalSection(SolutionConfigurationPlatforms) = preSolution
		Debug|Any CPU = Debug|Any CPU
		Release|Any CPU = Release|Any CPU
	EndGlobalSection
	GlobalSection(SolutionProperties) = preSolution
		HideSolutionNode = FALSE
	EndGlobalSection
	GlobalSection(ProjectConfigurationPlatforms) = postSolution
		{A70ADDE5-A271-48A1-821F-ED6C7AD842DF}.Debug|Any CPU.ActiveCfg = Debug|Any CPU
		{A70ADDE5-A271-48A1-821F-ED6C7AD842DF}.Debug|Any CPU.Build.0 = Debug|Any CPU
		{A70ADDE5-A271-48A1-821F-ED6C7AD842DF}.Release|Any CPU.ActiveCfg = Release|Any CPU
		{A70ADDE5-A271-48A1-821F-ED6C7AD842DF}.Release|Any CPU.Build.0 = Release|Any CPU
		{1E2B239C-B0AD-4336-8728-AD439769A509}.Debug|Any CPU.ActiveCfg = Debug|Any CPU
		{1E2B239C-B0AD-4336-8728-AD439769A509}.Debug|Any CPU.Build.0 = Debug|Any CPU
		{1E2B239C-B0AD-4336-8728-AD439769A509}.Release|Any CPU.ActiveCfg = Release|Any CPU
		{1E2B239C-B0AD-4336-8728-AD439769A509}.Release|Any CPU.Build.0 = Release|Any CPU
		{ED00147D-88E3-4CF7-A614-C9BEEA7AA7C4}.Debug|Any CPU.ActiveCfg = Debug|Any CPU
		{ED00147D-88E3-4CF7-A614-C9BEEA7AA7C4}.Debug|Any CPU.Build.0 = Debug|Any CPU
		{ED00147D-88E3-4CF7-A614-C9BEEA7AA7C4}.Release|Any CPU.ActiveCfg = Release|Any CPU
		{ED00147D-88E3-4CF7-A614-C9BEEA7AA7C4}.Release|Any CPU.Build.0 = Release|Any CPU
		{D463AF3F-B4D6-403C-A2AD-E5A150A013E3}.Debug|Any CPU.ActiveCfg = Debug|Any CPU
		{D463AF3F-B4D6-403C-A2AD-E5A150A013E3}.Debug|Any CPU.Build.0 = Debug|Any CPU
		{D463AF3F-B4D6-403C-A2AD-E5A150A013E3}.Release|Any CPU.ActiveCfg = Release|Any CPU
		{D463AF3F-B4D6-403C-A2AD-E5A150A013E3}.Release|Any CPU.Build.0 = Release|Any CPU
	EndGlobalSection
EndGlobal
